
Microsoft Visual Studio Solution File, Format Version 12.00
# Visual Studio Version 16
VisualStudioVersion = 16.0.32106.194
MinimumVisualStudioVersion = 10.0.40219.1
Project("{8BC9CEB8-8B4A-11D0-8D11-00A0C91BC942}") = "20220912_MultFun_Class_fibo", "20220912_MultFun_Class_fibo.vcxproj", "{7BAFCA76-E897-427A-8E35-C626DC3D0150}"
EndProject
Global
	GlobalSection(SolutionConfigurationPlatforms) = preSolution
		Debug|x64 = Debug|x64
		Debug|x86 = Debug|x86
		Release|x64 = Release|x64
		Release|x86 = Release|x86
	EndGlobalSection
	GlobalSection(ProjectConfigurationPlatforms) = postSolution
		{7BAFCA76-E897-427A-8E35-C626DC3D0150}.Debug|x64.ActiveCfg = Debug|x64
		{7BAFCA76-E897-427A-8E35-C626DC3D0150}.Debug|x64.Build.0 = Debug|x64
		{7BAFCA76-E897-427A-8E35-C626DC3D0150}.Debug|x86.ActiveCfg = Debug|Win32
		{7BAFCA76-E897-427A-8E35-C626DC3D0150}.Debug|x86.Build.0 = Debug|Win32
		{7BAFCA76-E897-427A-8E35-C626DC3D0150}.Release|x64.ActiveCfg = Release|x64
		{7BAFCA76-E897-427A-8E35-C626DC3D0150}.Release|x64.Build.0 = Release|x64
		{7BAFCA76-E897-427A-8E35-C626DC3D0150}.Release|x86.ActiveCfg = Release|Win32
		{7BAFCA76-E897-427A-8E35-C626DC3D0150}.Release|x86.Build.0 = Release|Win32
	EndGlobalSection
	GlobalSection(SolutionProperties) = preSolution
		HideSolutionNode = FALSE
	EndGlobalSection
	GlobalSection(ExtensibilityGlobals) = postSolution
		SolutionGuid = {5892CE43-C186-4EF2-8915-00C530723392}
	EndGlobalSection
EndGlobal
